// !$*UTF8*$!
{
	archiveVersion = 1;
	classes = {
	};
	objectVersion = 46;
	objects = {

/* Begin PBXBuildFile section */
		15BEA3C2AD56432008E6D8D3 /* libPods-Estetica Regenere.a in Frameworks */ = {isa = PBXBuildFile; fileRef = BC13F1E66E10FF3D73B3CAF8 /* libPods-Estetica Regenere.a */; };
		B96520E11BCED25F0039E466 /* LoadingView.m in Sources */ = {isa = PBXBuildFile; fileRef = B96520E01BCED25F0039E466 /* LoadingView.m */; };
		B96520E31BCED26F0039E466 /* LoadingView.xib in Resources */ = {isa = PBXBuildFile; fileRef = B96520E21BCED26F0039E466 /* LoadingView.xib */; };
		B96520E81BCED8FB0039E466 /* LoginProvider.m in Sources */ = {isa = PBXBuildFile; fileRef = B96520E71BCED8FB0039E466 /* LoginProvider.m */; };
		B96520EC1BCF017B0039E466 /* BaseProvider.m in Sources */ = {isa = PBXBuildFile; fileRef = B96520EB1BCF017B0039E466 /* BaseProvider.m */; };
		B96520F01BCF0BC70039E466 /* HomeProvider.m in Sources */ = {isa = PBXBuildFile; fileRef = B96520EF1BCF0BC70039E466 /* HomeProvider.m */; };
		B96520F61BCF30680039E466 /* AppointmentsList.m in Sources */ = {isa = PBXBuildFile; fileRef = B96520F51BCF30680039E466 /* AppointmentsList.m */; };
		B96520FA1BCF42D50039E466 /* MoreButtonView.m in Sources */ = {isa = PBXBuildFile; fileRef = B96520F91BCF42D50039E466 /* MoreButtonView.m */; };
		B96520FC1BCF42EE0039E466 /* MoreButtonView.xib in Resources */ = {isa = PBXBuildFile; fileRef = B96520FB1BCF42EE0039E466 /* MoreButtonView.xib */; };
		B96521021BCFF3380039E466 /* JASidePanelController.m in Sources */ = {isa = PBXBuildFile; fileRef = B96520FF1BCFF3380039E466 /* JASidePanelController.m */; };
		B96521031BCFF3380039E466 /* UIViewController+JASidePanel.m in Sources */ = {isa = PBXBuildFile; fileRef = B96521011BCFF3380039E466 /* UIViewController+JASidePanel.m */; };
		B983A4BF1BD060CA009569CD /* MenuViewController.m in Sources */ = {isa = PBXBuildFile; fileRef = B983A4BD1BD060CA009569CD /* MenuViewController.m */; };
		B983A4C01BD060CA009569CD /* MenuViewController.xib in Resources */ = {isa = PBXBuildFile; fileRef = B983A4BE1BD060CA009569CD /* MenuViewController.xib */; };
		B983A4CA1BD06B14009569CD /* MenuProvider.m in Sources */ = {isa = PBXBuildFile; fileRef = B983A4C91BD06B14009569CD /* MenuProvider.m */; };
		B983A4CE1BD06DA9009569CD /* MenuTableViewManager.m in Sources */ = {isa = PBXBuildFile; fileRef = B983A4CD1BD06DA9009569CD /* MenuTableViewManager.m */; };
		B983A4D31BD08213009569CD /* MenuTableViewCell.m in Sources */ = {isa = PBXBuildFile; fileRef = B983A4D11BD08213009569CD /* MenuTableViewCell.m */; };
		B983A4D41BD08213009569CD /* MenuTableViewCell.xib in Resources */ = {isa = PBXBuildFile; fileRef = B983A4D21BD08213009569CD /* MenuTableViewCell.xib */; };
		B983A4D81BD14B3D009569CD /* DeleteAppointmentProvider.m in Sources */ = {isa = PBXBuildFile; fileRef = B983A4D71BD14B3D009569CD /* DeleteAppointmentProvider.m */; };
		B983A4DD1BD16855009569CD /* ScheduleAppointmentViewController.m in Sources */ = {isa = PBXBuildFile; fileRef = B983A4DB1BD16855009569CD /* ScheduleAppointmentViewController.m */; };
		B983A4DE1BD16855009569CD /* ScheduleAppointmentViewController.xib in Resources */ = {isa = PBXBuildFile; fileRef = B983A4DC1BD16855009569CD /* ScheduleAppointmentViewController.xib */; };
		B983A4E21BD168D2009569CD /* BaseHeaderView.m in Sources */ = {isa = PBXBuildFile; fileRef = B983A4E11BD168D2009569CD /* BaseHeaderView.m */; };
		B983A4E41BD168E4009569CD /* BaseHeaderView.xib in Resources */ = {isa = PBXBuildFile; fileRef = B983A4E31BD168E4009569CD /* BaseHeaderView.xib */; };
		B983A4E91BD17B34009569CD /* PrivacyPolicyViewController.m in Sources */ = {isa = PBXBuildFile; fileRef = B983A4E71BD17B34009569CD /* PrivacyPolicyViewController.m */; };
		B983A4EA1BD17B34009569CD /* PrivacyPolicyViewController.xib in Resources */ = {isa = PBXBuildFile; fileRef = B983A4E81BD17B34009569CD /* PrivacyPolicyViewController.xib */; };
		B983A4EF1BD18293009569CD /* ContactViewController.m in Sources */ = {isa = PBXBuildFile; fileRef = B983A4ED1BD18293009569CD /* ContactViewController.m */; };
		B983A4F01BD18293009569CD /* ContactViewController.xib in Resources */ = {isa = PBXBuildFile; fileRef = B983A4EE1BD18293009569CD /* ContactViewController.xib */; };
		B983A4F41BD18D7F009569CD /* FooterView.m in Sources */ = {isa = PBXBuildFile; fileRef = B983A4F31BD18D7F009569CD /* FooterView.m */; };
		B983A4F61BD18D9B009569CD /* FooterView.xib in Resources */ = {isa = PBXBuildFile; fileRef = B983A4F51BD18D9B009569CD /* FooterView.xib */; };
		B9CAF5271BD65D9E0035C127 /* LoginFormView.m in Sources */ = {isa = PBXBuildFile; fileRef = B9CAF5261BD65D9E0035C127 /* LoginFormView.m */; };
		B9CAF5291BD65DBD0035C127 /* LoginFormView.xib in Resources */ = {isa = PBXBuildFile; fileRef = B9CAF5281BD65DBD0035C127 /* LoginFormView.xib */; };
		B9E2150A1BC9AE6F00A5F7D1 /* main.m in Sources */ = {isa = PBXBuildFile; fileRef = B9E215091BC9AE6F00A5F7D1 /* main.m */; };
		B9E2150D1BC9AE6F00A5F7D1 /* AppDelegate.m in Sources */ = {isa = PBXBuildFile; fileRef = B9E2150C1BC9AE6F00A5F7D1 /* AppDelegate.m */; };
		B9E215101BC9AE6F00A5F7D1 /* ViewController.m in Sources */ = {isa = PBXBuildFile; fileRef = B9E2150F1BC9AE6F00A5F7D1 /* ViewController.m */; };
		B9E215131BC9AE6F00A5F7D1 /* Main.storyboard in Resources */ = {isa = PBXBuildFile; fileRef = B9E215111BC9AE6F00A5F7D1 /* Main.storyboard */; };
		B9E215151BC9AE6F00A5F7D1 /* Images.xcassets in Resources */ = {isa = PBXBuildFile; fileRef = B9E215141BC9AE6F00A5F7D1 /* Images.xcassets */; };
		B9E215181BC9AE6F00A5F7D1 /* LaunchScreen.xib in Resources */ = {isa = PBXBuildFile; fileRef = B9E215161BC9AE6F00A5F7D1 /* LaunchScreen.xib */; };
		B9E215241BC9AE7000A5F7D1 /* Estetica_RegenereTests.m in Sources */ = {isa = PBXBuildFile; fileRef = B9E215231BC9AE7000A5F7D1 /* Estetica_RegenereTests.m */; };
		B9E2153A1BC9B1CF00A5F7D1 /* HomeHeaderView.m in Sources */ = {isa = PBXBuildFile; fileRef = B9E215391BC9B1CF00A5F7D1 /* HomeHeaderView.m */; };
		B9E2153F1BC9B20D00A5F7D1 /* HomeHeaderView.xib in Resources */ = {isa = PBXBuildFile; fileRef = B9E2153E1BC9B20D00A5F7D1 /* HomeHeaderView.xib */; };
		B9E215431BC9B98A00A5F7D1 /* BasicButtonView.m in Sources */ = {isa = PBXBuildFile; fileRef = B9E215421BC9B98A00A5F7D1 /* BasicButtonView.m */; };
		B9E215451BC9BEC200A5F7D1 /* BasicButtonView.xib in Resources */ = {isa = PBXBuildFile; fileRef = B9E215441BC9BEC200A5F7D1 /* BasicButtonView.xib */; };
		B9E2154B1BCADB9000A5F7D1 /* HomeViewController.m in Sources */ = {isa = PBXBuildFile; fileRef = B9E215491BCADB9000A5F7D1 /* HomeViewController.m */; };
		B9E2154C1BCADB9000A5F7D1 /* HomeViewController.xib in Resources */ = {isa = PBXBuildFile; fileRef = B9E2154A1BCADB9000A5F7D1 /* HomeViewController.xib */; };
		B9E215501BCADF5200A5F7D1 /* BaseComponentsView.m in Sources */ = {isa = PBXBuildFile; fileRef = B9E2154F1BCADF5200A5F7D1 /* BaseComponentsView.m */; };
		B9E215551BCADFED00A5F7D1 /* HomeTableViewCell.m in Sources */ = {isa = PBXBuildFile; fileRef = B9E215531BCADFED00A5F7D1 /* HomeTableViewCell.m */; };
		B9E215561BCADFED00A5F7D1 /* HomeTableViewCell.xib in Resources */ = {isa = PBXBuildFile; fileRef = B9E215541BCADFED00A5F7D1 /* HomeTableViewCell.xib */; };
		B9E2155B1BCAE57900A5F7D1 /* BaseTableViewManager.m in Sources */ = {isa = PBXBuildFile; fileRef = B9E2155A1BCAE57900A5F7D1 /* BaseTableViewManager.m */; };
		B9E2155E1BCAE59400A5F7D1 /* HomeTableViewManager.m in Sources */ = {isa = PBXBuildFile; fileRef = B9E2155D1BCAE59400A5F7D1 /* HomeTableViewManager.m */; };
		B9E215621BCAF1FA00A5F7D1 /* RememberMeView.m in Sources */ = {isa = PBXBuildFile; fileRef = B9E215611BCAF1FA00A5F7D1 /* RememberMeView.m */; };
		B9E215641BCAF20900A5F7D1 /* RememberMeView.xib in Resources */ = {isa = PBXBuildFile; fileRef = B9E215631BCAF20900A5F7D1 /* RememberMeView.xib */; };
		B9E215691BCAF71100A5F7D1 /* UnderConstructionViewController.m in Sources */ = {isa = PBXBuildFile; fileRef = B9E215671BCAF71100A5F7D1 /* UnderConstructionViewController.m */; };
		B9E2156A1BCAF71100A5F7D1 /* UnderConstructionViewController.xib in Resources */ = {isa = PBXBuildFile; fileRef = B9E215681BCAF71100A5F7D1 /* UnderConstructionViewController.xib */; };
		B9E2156F1BCC016700A5F7D1 /* LoginViewController.m in Sources */ = {isa = PBXBuildFile; fileRef = B9E2156D1BCC016700A5F7D1 /* LoginViewController.m */; };
		B9E215701BCC016700A5F7D1 /* LoginViewController.xib in Resources */ = {isa = PBXBuildFile; fileRef = B9E2156E1BCC016700A5F7D1 /* LoginViewController.xib */; };
		B9F94E171BD911E0001A55AE /* RegenerePickerView.m in Sources */ = {isa = PBXBuildFile; fileRef = B9F94E161BD911E0001A55AE /* RegenerePickerView.m */; };
		B9F94E191BD911FF001A55AE /* RegenerePickerView.xib in Resources */ = {isa = PBXBuildFile; fileRef = B9F94E181BD911FF001A55AE /* RegenerePickerView.xib */; };
		B9F94E1E1BD938FE001A55AE /* ScheduleAppointmentProvider.m in Sources */ = {isa = PBXBuildFile; fileRef = B9F94E1D1BD938FE001A55AE /* ScheduleAppointmentProvider.m */; };
		B9F94E241BD93B5B001A55AE /* RegenereOption.m in Sources */ = {isa = PBXBuildFile; fileRef = B9F94E231BD93B5B001A55AE /* RegenereOption.m */; };
		B9F94E281BD93FC1001A55AE /* AreasProvider.m in Sources */ = {isa = PBXBuildFile; fileRef = B9F94E271BD93FC1001A55AE /* AreasProvider.m */; };
		B9F94E2C1BD956E5001A55AE /* TextFieldWithoutCursor.m in Sources */ = {isa = PBXBuildFile; fileRef = B9F94E2B1BD956E5001A55AE /* TextFieldWithoutCursor.m */; };
		B9F94E301BD966B5001A55AE /* ServicesProvider.m in Sources */ = {isa = PBXBuildFile; fileRef = B9F94E2F1BD966B5001A55AE /* ServicesProvider.m */; };
/* End PBXBuildFile section */

/* Begin PBXContainerItemProxy section */
		B9E2151E1BC9AE7000A5F7D1 /* PBXContainerItemProxy */ = {
			isa = PBXContainerItemProxy;
			containerPortal = B9E214FC1BC9AE6F00A5F7D1 /* Project object */;
			proxyType = 1;
			remoteGlobalIDString = B9E215031BC9AE6F00A5F7D1;
			remoteInfo = "Estetica Regenere";
		};
/* End PBXContainerItemProxy section */

/* Begin PBXFileReference section */
		82CA84A87AFEE242AE49BE21 /* Pods-Estetica Regenere.release.xcconfig */ = {isa = PBXFileReference; includeInIndex = 1; lastKnownFileType = text.xcconfig; name = "Pods-Estetica Regenere.release.xcconfig"; path = "Pods/Target Support Files/Pods-Estetica Regenere/Pods-Estetica Regenere.release.xcconfig"; sourceTree = "<group>"; };
		B96520DF1BCED25F0039E466 /* LoadingView.h */ = {isa = PBXFileReference; fileEncoding = 4; lastKnownFileType = sourcecode.c.h; name = LoadingView.h; path = Components/LoadingView/LoadingView.h; sourceTree = "<group>"; };
		B96520E01BCED25F0039E466 /* LoadingView.m */ = {isa = PBXFileReference; fileEncoding = 4; lastKnownFileType = sourcecode.c.objc; name = LoadingView.m; path = Components/LoadingView/LoadingView.m; sourceTree = "<group>"; };
		B96520E21BCED26F0039E466 /* LoadingView.xib */ = {isa = PBXFileReference; fileEncoding = 4; lastKnownFileType = file.xib; name = LoadingView.xib; path = Components/LoadingView/LoadingView.xib; sourceTree = "<group>"; };
		B96520E61BCED8FB0039E466 /* LoginProvider.h */ = {isa = PBXFileReference; fileEncoding = 4; lastKnownFileType = sourcecode.c.h; name = LoginProvider.h; path = Providers/LoginProvider/LoginProvider.h; sourceTree = "<group>"; };
		B96520E71BCED8FB0039E466 /* LoginProvider.m */ = {isa = PBXFileReference; fileEncoding = 4; lastKnownFileType = sourcecode.c.objc; name = LoginProvider.m; path = Providers/LoginProvider/LoginProvider.m; sourceTree = "<group>"; };
		B96520EA1BCF017B0039E466 /* BaseProvider.h */ = {isa = PBXFileReference; fileEncoding = 4; lastKnownFileType = sourcecode.c.h; name = BaseProvider.h; path = Providers/BaseProvider/BaseProvider.h; sourceTree = "<group>"; };
		B96520EB1BCF017B0039E466 /* BaseProvider.m */ = {isa = PBXFileReference; fileEncoding = 4; lastKnownFileType = sourcecode.c.objc; name = BaseProvider.m; path = Providers/BaseProvider/BaseProvider.m; sourceTree = "<group>"; };
		B96520EE1BCF0BC60039E466 /* HomeProvider.h */ = {isa = PBXFileReference; fileEncoding = 4; lastKnownFileType = sourcecode.c.h; name = HomeProvider.h; path = Providers/HomeProvider/HomeProvider.h; sourceTree = "<group>"; };
		B96520EF1BCF0BC70039E466 /* HomeProvider.m */ = {isa = PBXFileReference; fileEncoding = 4; lastKnownFileType = sourcecode.c.objc; name = HomeProvider.m; path = Providers/HomeProvider/HomeProvider.m; sourceTree = "<group>"; };
		B96520F41BCF30680039E466 /* AppointmentsList.h */ = {isa = PBXFileReference; fileEncoding = 4; lastKnownFileType = sourcecode.c.h; path = AppointmentsList.h; sourceTree = "<group>"; };
		B96520F51BCF30680039E466 /* AppointmentsList.m */ = {isa = PBXFileReference; fileEncoding = 4; lastKnownFileType = sourcecode.c.objc; path = AppointmentsList.m; sourceTree = "<group>"; };
		B96520F81BCF42D50039E466 /* MoreButtonView.h */ = {isa = PBXFileReference; fileEncoding = 4; lastKnownFileType = sourcecode.c.h; name = MoreButtonView.h; path = Components/MoreButtonView/MoreButtonView.h; sourceTree = "<group>"; };
		B96520F91BCF42D50039E466 /* MoreButtonView.m */ = {isa = PBXFileReference; fileEncoding = 4; lastKnownFileType = sourcecode.c.objc; name = MoreButtonView.m; path = Components/MoreButtonView/MoreButtonView.m; sourceTree = "<group>"; };
		B96520FB1BCF42EE0039E466 /* MoreButtonView.xib */ = {isa = PBXFileReference; fileEncoding = 4; lastKnownFileType = file.xib; name = MoreButtonView.xib; path = Components/MoreButtonView/MoreButtonView.xib; sourceTree = "<group>"; };
		B96520FE1BCFF3380039E466 /* JASidePanelController.h */ = {isa = PBXFileReference; fileEncoding = 4; lastKnownFileType = sourcecode.c.h; path = JASidePanelController.h; sourceTree = "<group>"; };
		B96520FF1BCFF3380039E466 /* JASidePanelController.m */ = {isa = PBXFileReference; fileEncoding = 4; lastKnownFileType = sourcecode.c.objc; path = JASidePanelController.m; sourceTree = "<group>"; };
		B96521001BCFF3380039E466 /* UIViewController+JASidePanel.h */ = {isa = PBXFileReference; fileEncoding = 4; lastKnownFileType = sourcecode.c.h; path = "UIViewController+JASidePanel.h"; sourceTree = "<group>"; };
		B96521011BCFF3380039E466 /* UIViewController+JASidePanel.m */ = {isa = PBXFileReference; fileEncoding = 4; lastKnownFileType = sourcecode.c.objc; path = "UIViewController+JASidePanel.m"; sourceTree = "<group>"; };
		B983A4BC1BD060CA009569CD /* MenuViewController.h */ = {isa = PBXFileReference; fileEncoding = 4; lastKnownFileType = sourcecode.c.h; name = MenuViewController.h; path = Components/MenuViewController/MenuViewController.h; sourceTree = "<group>"; };
		B983A4BD1BD060CA009569CD /* MenuViewController.m */ = {isa = PBXFileReference; fileEncoding = 4; lastKnownFileType = sourcecode.c.objc; name = MenuViewController.m; path = Components/MenuViewController/MenuViewController.m; sourceTree = "<group>"; };
		B983A4BE1BD060CA009569CD /* MenuViewController.xib */ = {isa = PBXFileReference; fileEncoding = 4; lastKnownFileType = file.xib; name = MenuViewController.xib; path = Components/MenuViewController/MenuViewController.xib; sourceTree = "<group>"; };
		B983A4C81BD06B14009569CD /* MenuProvider.h */ = {isa = PBXFileReference; fileEncoding = 4; lastKnownFileType = sourcecode.c.h; name = MenuProvider.h; path = Providers/MenuProvider/MenuProvider.h; sourceTree = "<group>"; };
		B983A4C91BD06B14009569CD /* MenuProvider.m */ = {isa = PBXFileReference; fileEncoding = 4; lastKnownFileType = sourcecode.c.objc; name = MenuProvider.m; path = Providers/MenuProvider/MenuProvider.m; sourceTree = "<group>"; };
		B983A4CC1BD06DA9009569CD /* MenuTableViewManager.h */ = {isa = PBXFileReference; fileEncoding = 4; lastKnownFileType = sourcecode.c.h; name = MenuTableViewManager.h; path = Components/MenuTableViewManager/MenuTableViewManager.h; sourceTree = "<group>"; };
		B983A4CD1BD06DA9009569CD /* MenuTableViewManager.m */ = {isa = PBXFileReference; fileEncoding = 4; lastKnownFileType = sourcecode.c.objc; name = MenuTableViewManager.m; path = Components/MenuTableViewManager/MenuTableViewManager.m; sourceTree = "<group>"; };
		B983A4D01BD08213009569CD /* MenuTableViewCell.h */ = {isa = PBXFileReference; fileEncoding = 4; lastKnownFileType = sourcecode.c.h; name = MenuTableViewCell.h; path = Components/MenuTableViewCell/MenuTableViewCell.h; sourceTree = "<group>"; };
		B983A4D11BD08213009569CD /* MenuTableViewCell.m */ = {isa = PBXFileReference; fileEncoding = 4; lastKnownFileType = sourcecode.c.objc; name = MenuTableViewCell.m; path = Components/MenuTableViewCell/MenuTableViewCell.m; sourceTree = "<group>"; };
		B983A4D21BD08213009569CD /* MenuTableViewCell.xib */ = {isa = PBXFileReference; fileEncoding = 4; lastKnownFileType = file.xib; name = MenuTableViewCell.xib; path = Components/MenuTableViewCell/MenuTableViewCell.xib; sourceTree = "<group>"; };
		B983A4D61BD14B3D009569CD /* DeleteAppointmentProvider.h */ = {isa = PBXFileReference; fileEncoding = 4; lastKnownFileType = sourcecode.c.h; name = DeleteAppointmentProvider.h; path = Providers/DeleteAppointmentProvider/DeleteAppointmentProvider.h; sourceTree = "<group>"; };
		B983A4D71BD14B3D009569CD /* DeleteAppointmentProvider.m */ = {isa = PBXFileReference; fileEncoding = 4; lastKnownFileType = sourcecode.c.objc; name = DeleteAppointmentProvider.m; path = Providers/DeleteAppointmentProvider/DeleteAppointmentProvider.m; sourceTree = "<group>"; };
		B983A4DA1BD16855009569CD /* ScheduleAppointmentViewController.h */ = {isa = PBXFileReference; fileEncoding = 4; lastKnownFileType = sourcecode.c.h; name = ScheduleAppointmentViewController.h; path = Modules/ScheduleAppointmentViewController/ScheduleAppointmentViewController.h; sourceTree = "<group>"; };
		B983A4DB1BD16855009569CD /* ScheduleAppointmentViewController.m */ = {isa = PBXFileReference; fileEncoding = 4; lastKnownFileType = sourcecode.c.objc; name = ScheduleAppointmentViewController.m; path = Modules/ScheduleAppointmentViewController/ScheduleAppointmentViewController.m; sourceTree = "<group>"; };
		B983A4DC1BD16855009569CD /* ScheduleAppointmentViewController.xib */ = {isa = PBXFileReference; fileEncoding = 4; lastKnownFileType = file.xib; name = ScheduleAppointmentViewController.xib; path = Modules/ScheduleAppointmentViewController/ScheduleAppointmentViewController.xib; sourceTree = "<group>"; };
		B983A4E01BD168D2009569CD /* BaseHeaderView.h */ = {isa = PBXFileReference; fileEncoding = 4; lastKnownFileType = sourcecode.c.h; name = BaseHeaderView.h; path = Components/BaseHeaderView/BaseHeaderView.h; sourceTree = "<group>"; };
		B983A4E11BD168D2009569CD /* BaseHeaderView.m */ = {isa = PBXFileReference; fileEncoding = 4; lastKnownFileType = sourcecode.c.objc; name = BaseHeaderView.m; path = Components/BaseHeaderView/BaseHeaderView.m; sourceTree = "<group>"; };
		B983A4E31BD168E4009569CD /* BaseHeaderView.xib */ = {isa = PBXFileReference; fileEncoding = 4; lastKnownFileType = file.xib; name = BaseHeaderView.xib; path = Components/BaseHeaderView/BaseHeaderView.xib; sourceTree = "<group>"; };
		B983A4E61BD17B34009569CD /* PrivacyPolicyViewController.h */ = {isa = PBXFileReference; fileEncoding = 4; lastKnownFileType = sourcecode.c.h; name = PrivacyPolicyViewController.h; path = Modules/PrivacyPolicyViewController/PrivacyPolicyViewController.h; sourceTree = "<group>"; };
		B983A4E71BD17B34009569CD /* PrivacyPolicyViewController.m */ = {isa = PBXFileReference; fileEncoding = 4; lastKnownFileType = sourcecode.c.objc; name = PrivacyPolicyViewController.m; path = Modules/PrivacyPolicyViewController/PrivacyPolicyViewController.m; sourceTree = "<group>"; };
		B983A4E81BD17B34009569CD /* PrivacyPolicyViewController.xib */ = {isa = PBXFileReference; fileEncoding = 4; lastKnownFileType = file.xib; name = PrivacyPolicyViewController.xib; path = Modules/PrivacyPolicyViewController/PrivacyPolicyViewController.xib; sourceTree = "<group>"; };
		B983A4EC1BD18293009569CD /* ContactViewController.h */ = {isa = PBXFileReference; fileEncoding = 4; lastKnownFileType = sourcecode.c.h; name = ContactViewController.h; path = Modules/ContactViewContoller/ContactViewController.h; sourceTree = "<group>"; };
		B983A4ED1BD18293009569CD /* ContactViewController.m */ = {isa = PBXFileReference; fileEncoding = 4; lastKnownFileType = sourcecode.c.objc; name = ContactViewController.m; path = Modules/ContactViewContoller/ContactViewController.m; sourceTree = "<group>"; };
		B983A4EE1BD18293009569CD /* ContactViewController.xib */ = {isa = PBXFileReference; fileEncoding = 4; lastKnownFileType = file.xib; name = ContactViewController.xib; path = Modules/ContactViewContoller/ContactViewController.xib; sourceTree = "<group>"; };
		B983A4F21BD18D7F009569CD /* FooterView.h */ = {isa = PBXFileReference; fileEncoding = 4; lastKnownFileType = sourcecode.c.h; name = FooterView.h; path = Components/FooterView/FooterView.h; sourceTree = "<group>"; };
		B983A4F31BD18D7F009569CD /* FooterView.m */ = {isa = PBXFileReference; fileEncoding = 4; lastKnownFileType = sourcecode.c.objc; name = FooterView.m; path = Components/FooterView/FooterView.m; sourceTree = "<group>"; };
		B983A4F51BD18D9B009569CD /* FooterView.xib */ = {isa = PBXFileReference; fileEncoding = 4; lastKnownFileType = file.xib; name = FooterView.xib; path = Components/FooterView/FooterView.xib; sourceTree = "<group>"; };
		B9CAF5251BD65D9E0035C127 /* LoginFormView.h */ = {isa = PBXFileReference; fileEncoding = 4; lastKnownFileType = sourcecode.c.h; name = LoginFormView.h; path = Components/LoginFormView/LoginFormView.h; sourceTree = "<group>"; };
		B9CAF5261BD65D9E0035C127 /* LoginFormView.m */ = {isa = PBXFileReference; fileEncoding = 4; lastKnownFileType = sourcecode.c.objc; name = LoginFormView.m; path = Components/LoginFormView/LoginFormView.m; sourceTree = "<group>"; };
		B9CAF5281BD65DBD0035C127 /* LoginFormView.xib */ = {isa = PBXFileReference; fileEncoding = 4; lastKnownFileType = file.xib; name = LoginFormView.xib; path = Components/LoginFormView/LoginFormView.xib; sourceTree = "<group>"; };
		B9E215041BC9AE6F00A5F7D1 /* Estetica Regenere.app */ = {isa = PBXFileReference; explicitFileType = wrapper.application; includeInIndex = 0; path = "Estetica Regenere.app"; sourceTree = BUILT_PRODUCTS_DIR; };
		B9E215081BC9AE6F00A5F7D1 /* Info.plist */ = {isa = PBXFileReference; lastKnownFileType = text.plist.xml; path = Info.plist; sourceTree = "<group>"; };
		B9E215091BC9AE6F00A5F7D1 /* main.m */ = {isa = PBXFileReference; lastKnownFileType = sourcecode.c.objc; path = main.m; sourceTree = "<group>"; };
		B9E2150B1BC9AE6F00A5F7D1 /* AppDelegate.h */ = {isa = PBXFileReference; lastKnownFileType = sourcecode.c.h; path = AppDelegate.h; sourceTree = "<group>"; };
		B9E2150C1BC9AE6F00A5F7D1 /* AppDelegate.m */ = {isa = PBXFileReference; lastKnownFileType = sourcecode.c.objc; path = AppDelegate.m; sourceTree = "<group>"; };
		B9E2150E1BC9AE6F00A5F7D1 /* ViewController.h */ = {isa = PBXFileReference; lastKnownFileType = sourcecode.c.h; path = ViewController.h; sourceTree = "<group>"; };
		B9E2150F1BC9AE6F00A5F7D1 /* ViewController.m */ = {isa = PBXFileReference; lastKnownFileType = sourcecode.c.objc; path = ViewController.m; sourceTree = "<group>"; };
		B9E215121BC9AE6F00A5F7D1 /* Base */ = {isa = PBXFileReference; lastKnownFileType = file.storyboard; name = Base; path = Base.lproj/Main.storyboard; sourceTree = "<group>"; };
		B9E215141BC9AE6F00A5F7D1 /* Images.xcassets */ = {isa = PBXFileReference; lastKnownFileType = folder.assetcatalog; path = Images.xcassets; sourceTree = "<group>"; };
		B9E215171BC9AE6F00A5F7D1 /* Base */ = {isa = PBXFileReference; lastKnownFileType = file.xib; name = Base; path = Base.lproj/LaunchScreen.xib; sourceTree = "<group>"; };
		B9E2151D1BC9AE7000A5F7D1 /* Estetica RegenereTests.xctest */ = {isa = PBXFileReference; explicitFileType = wrapper.cfbundle; includeInIndex = 0; path = "Estetica RegenereTests.xctest"; sourceTree = BUILT_PRODUCTS_DIR; };
		B9E215221BC9AE7000A5F7D1 /* Info.plist */ = {isa = PBXFileReference; lastKnownFileType = text.plist.xml; path = Info.plist; sourceTree = "<group>"; };
		B9E215231BC9AE7000A5F7D1 /* Estetica_RegenereTests.m */ = {isa = PBXFileReference; lastKnownFileType = sourcecode.c.objc; path = Estetica_RegenereTests.m; sourceTree = "<group>"; };
		B9E215381BC9B1CF00A5F7D1 /* HomeHeaderView.h */ = {isa = PBXFileReference; fileEncoding = 4; lastKnownFileType = sourcecode.c.h; name = HomeHeaderView.h; path = Components/HomeHeaderView/HomeHeaderView.h; sourceTree = "<group>"; };
		B9E215391BC9B1CF00A5F7D1 /* HomeHeaderView.m */ = {isa = PBXFileReference; fileEncoding = 4; lastKnownFileType = sourcecode.c.objc; name = HomeHeaderView.m; path = Components/HomeHeaderView/HomeHeaderView.m; sourceTree = "<group>"; };
		B9E2153E1BC9B20D00A5F7D1 /* HomeHeaderView.xib */ = {isa = PBXFileReference; fileEncoding = 4; lastKnownFileType = file.xib; name = HomeHeaderView.xib; path = Components/HomeHeaderView/HomeHeaderView.xib; sourceTree = "<group>"; };
		B9E215411BC9B98A00A5F7D1 /* BasicButtonView.h */ = {isa = PBXFileReference; fileEncoding = 4; lastKnownFileType = sourcecode.c.h; name = BasicButtonView.h; path = Components/BasicButtonView/BasicButtonView.h; sourceTree = "<group>"; };
		B9E215421BC9B98A00A5F7D1 /* BasicButtonView.m */ = {isa = PBXFileReference; fileEncoding = 4; lastKnownFileType = sourcecode.c.objc; name = BasicButtonView.m; path = Components/BasicButtonView/BasicButtonView.m; sourceTree = "<group>"; };
		B9E215441BC9BEC200A5F7D1 /* BasicButtonView.xib */ = {isa = PBXFileReference; fileEncoding = 4; lastKnownFileType = file.xib; name = BasicButtonView.xib; path = Components/BasicButtonView/BasicButtonView.xib; sourceTree = "<group>"; };
		B9E215481BCADB9000A5F7D1 /* HomeViewController.h */ = {isa = PBXFileReference; fileEncoding = 4; lastKnownFileType = sourcecode.c.h; name = HomeViewController.h; path = Modules/HomeViewController/HomeViewController.h; sourceTree = "<group>"; };
		B9E215491BCADB9000A5F7D1 /* HomeViewController.m */ = {isa = PBXFileReference; fileEncoding = 4; lastKnownFileType = sourcecode.c.objc; name = HomeViewController.m; path = Modules/HomeViewController/HomeViewController.m; sourceTree = "<group>"; };
		B9E2154A1BCADB9000A5F7D1 /* HomeViewController.xib */ = {isa = PBXFileReference; fileEncoding = 4; lastKnownFileType = file.xib; name = HomeViewController.xib; path = Modules/HomeViewController/HomeViewController.xib; sourceTree = "<group>"; };
		B9E2154E1BCADF5200A5F7D1 /* BaseComponentsView.h */ = {isa = PBXFileReference; fileEncoding = 4; lastKnownFileType = sourcecode.c.h; path = BaseComponentsView.h; sourceTree = "<group>"; };
		B9E2154F1BCADF5200A5F7D1 /* BaseComponentsView.m */ = {isa = PBXFileReference; fileEncoding = 4; lastKnownFileType = sourcecode.c.objc; path = BaseComponentsView.m; sourceTree = "<group>"; };
		B9E215521BCADFED00A5F7D1 /* HomeTableViewCell.h */ = {isa = PBXFileReference; fileEncoding = 4; lastKnownFileType = sourcecode.c.h; name = HomeTableViewCell.h; path = Components/HomeTableViewCell/HomeTableViewCell.h; sourceTree = "<group>"; };
		B9E215531BCADFED00A5F7D1 /* HomeTableViewCell.m */ = {isa = PBXFileReference; fileEncoding = 4; lastKnownFileType = sourcecode.c.objc; name = HomeTableViewCell.m; path = Components/HomeTableViewCell/HomeTableViewCell.m; sourceTree = "<group>"; };
		B9E215541BCADFED00A5F7D1 /* HomeTableViewCell.xib */ = {isa = PBXFileReference; fileEncoding = 4; lastKnownFileType = file.xib; name = HomeTableViewCell.xib; path = Components/HomeTableViewCell/HomeTableViewCell.xib; sourceTree = "<group>"; };
		B9E215591BCAE57900A5F7D1 /* BaseTableViewManager.h */ = {isa = PBXFileReference; fileEncoding = 4; lastKnownFileType = sourcecode.c.h; path = BaseTableViewManager.h; sourceTree = "<group>"; };
		B9E2155A1BCAE57900A5F7D1 /* BaseTableViewManager.m */ = {isa = PBXFileReference; fileEncoding = 4; lastKnownFileType = sourcecode.c.objc; path = BaseTableViewManager.m; sourceTree = "<group>"; };
		B9E2155C1BCAE59400A5F7D1 /* HomeTableViewManager.h */ = {isa = PBXFileReference; fileEncoding = 4; lastKnownFileType = sourcecode.c.h; name = HomeTableViewManager.h; path = Components/HomeTableViewManager/HomeTableViewManager.h; sourceTree = "<group>"; };
		B9E2155D1BCAE59400A5F7D1 /* HomeTableViewManager.m */ = {isa = PBXFileReference; fileEncoding = 4; lastKnownFileType = sourcecode.c.objc; name = HomeTableViewManager.m; path = Components/HomeTableViewManager/HomeTableViewManager.m; sourceTree = "<group>"; };
		B9E215601BCAF1FA00A5F7D1 /* RememberMeView.h */ = {isa = PBXFileReference; fileEncoding = 4; lastKnownFileType = sourcecode.c.h; name = RememberMeView.h; path = Components/RememberMeView/RememberMeView.h; sourceTree = "<group>"; };
		B9E215611BCAF1FA00A5F7D1 /* RememberMeView.m */ = {isa = PBXFileReference; fileEncoding = 4; lastKnownFileType = sourcecode.c.objc; name = RememberMeView.m; path = Components/RememberMeView/RememberMeView.m; sourceTree = "<group>"; };
		B9E215631BCAF20900A5F7D1 /* RememberMeView.xib */ = {isa = PBXFileReference; fileEncoding = 4; lastKnownFileType = file.xib; name = RememberMeView.xib; path = Components/RememberMeView/RememberMeView.xib; sourceTree = "<group>"; };
		B9E215661BCAF71100A5F7D1 /* UnderConstructionViewController.h */ = {isa = PBXFileReference; fileEncoding = 4; lastKnownFileType = sourcecode.c.h; name = UnderConstructionViewController.h; path = Modules/UnderConstructionViewController/UnderConstructionViewController.h; sourceTree = "<group>"; };
		B9E215671BCAF71100A5F7D1 /* UnderConstructionViewController.m */ = {isa = PBXFileReference; fileEncoding = 4; lastKnownFileType = sourcecode.c.objc; name = UnderConstructionViewController.m; path = Modules/UnderConstructionViewController/UnderConstructionViewController.m; sourceTree = "<group>"; };
		B9E215681BCAF71100A5F7D1 /* UnderConstructionViewController.xib */ = {isa = PBXFileReference; fileEncoding = 4; lastKnownFileType = file.xib; name = UnderConstructionViewController.xib; path = Modules/UnderConstructionViewController/UnderConstructionViewController.xib; sourceTree = "<group>"; };
		B9E2156C1BCC016700A5F7D1 /* LoginViewController.h */ = {isa = PBXFileReference; fileEncoding = 4; lastKnownFileType = sourcecode.c.h; name = LoginViewController.h; path = Modules/LoginViewController/LoginViewController.h; sourceTree = "<group>"; };
		B9E2156D1BCC016700A5F7D1 /* LoginViewController.m */ = {isa = PBXFileReference; fileEncoding = 4; lastKnownFileType = sourcecode.c.objc; name = LoginViewController.m; path = Modules/LoginViewController/LoginViewController.m; sourceTree = "<group>"; };
		B9E2156E1BCC016700A5F7D1 /* LoginViewController.xib */ = {isa = PBXFileReference; fileEncoding = 4; lastKnownFileType = file.xib; name = LoginViewController.xib; path = Modules/LoginViewController/LoginViewController.xib; sourceTree = "<group>"; };
		B9F94E151BD911E0001A55AE /* RegenerePickerView.h */ = {isa = PBXFileReference; fileEncoding = 4; lastKnownFileType = sourcecode.c.h; name = RegenerePickerView.h; path = Components/RegenerePickerView/RegenerePickerView.h; sourceTree = "<group>"; };
		B9F94E161BD911E0001A55AE /* RegenerePickerView.m */ = {isa = PBXFileReference; fileEncoding = 4; lastKnownFileType = sourcecode.c.objc; name = RegenerePickerView.m; path = Components/RegenerePickerView/RegenerePickerView.m; sourceTree = "<group>"; };
		B9F94E181BD911FF001A55AE /* RegenerePickerView.xib */ = {isa = PBXFileReference; fileEncoding = 4; lastKnownFileType = file.xib; name = RegenerePickerView.xib; path = Components/RegenerePickerView/RegenerePickerView.xib; sourceTree = "<group>"; };
		B9F94E1C1BD938FE001A55AE /* ScheduleAppointmentProvider.h */ = {isa = PBXFileReference; fileEncoding = 4; lastKnownFileType = sourcecode.c.h; name = ScheduleAppointmentProvider.h; path = Providers/ScheduleAppointmentProvider/ScheduleAppointmentProvider.h; sourceTree = "<group>"; };
		B9F94E1D1BD938FE001A55AE /* ScheduleAppointmentProvider.m */ = {isa = PBXFileReference; fileEncoding = 4; lastKnownFileType = sourcecode.c.objc; name = ScheduleAppointmentProvider.m; path = Providers/ScheduleAppointmentProvider/ScheduleAppointmentProvider.m; sourceTree = "<group>"; };
		B9F94E221BD93B5B001A55AE /* RegenereOption.h */ = {isa = PBXFileReference; fileEncoding = 4; lastKnownFileType = sourcecode.c.h; path = RegenereOption.h; sourceTree = "<group>"; };
		B9F94E231BD93B5B001A55AE /* RegenereOption.m */ = {isa = PBXFileReference; fileEncoding = 4; lastKnownFileType = sourcecode.c.objc; path = RegenereOption.m; sourceTree = "<group>"; };
		B9F94E261BD93FC1001A55AE /* AreasProvider.h */ = {isa = PBXFileReference; fileEncoding = 4; lastKnownFileType = sourcecode.c.h; name = AreasProvider.h; path = Providers/AreasProvider/AreasProvider.h; sourceTree = "<group>"; };
		B9F94E271BD93FC1001A55AE /* AreasProvider.m */ = {isa = PBXFileReference; fileEncoding = 4; lastKnownFileType = sourcecode.c.objc; name = AreasProvider.m; path = Providers/AreasProvider/AreasProvider.m; sourceTree = "<group>"; };
		B9F94E2A1BD956E5001A55AE /* TextFieldWithoutCursor.h */ = {isa = PBXFileReference; fileEncoding = 4; lastKnownFileType = sourcecode.c.h; name = TextFieldWithoutCursor.h; path = Components/TextFieldWithoutCursor/TextFieldWithoutCursor.h; sourceTree = "<group>"; };
		B9F94E2B1BD956E5001A55AE /* TextFieldWithoutCursor.m */ = {isa = PBXFileReference; fileEncoding = 4; lastKnownFileType = sourcecode.c.objc; name = TextFieldWithoutCursor.m; path = Components/TextFieldWithoutCursor/TextFieldWithoutCursor.m; sourceTree = "<group>"; };
		B9F94E2E1BD966B5001A55AE /* ServicesProvider.h */ = {isa = PBXFileReference; fileEncoding = 4; lastKnownFileType = sourcecode.c.h; name = ServicesProvider.h; path = Providers/ServicesProvider/ServicesProvider.h; sourceTree = "<group>"; };
		B9F94E2F1BD966B5001A55AE /* ServicesProvider.m */ = {isa = PBXFileReference; fileEncoding = 4; lastKnownFileType = sourcecode.c.objc; name = ServicesProvider.m; path = Providers/ServicesProvider/ServicesProvider.m; sourceTree = "<group>"; };
		BC13F1E66E10FF3D73B3CAF8 /* libPods-Estetica Regenere.a */ = {isa = PBXFileReference; explicitFileType = archive.ar; includeInIndex = 0; path = "libPods-Estetica Regenere.a"; sourceTree = BUILT_PRODUCTS_DIR; };
		E4731EBA12AF5906AED394E3 /* Pods-Estetica Regenere.debug.xcconfig */ = {isa = PBXFileReference; includeInIndex = 1; lastKnownFileType = text.xcconfig; name = "Pods-Estetica Regenere.debug.xcconfig"; path = "Pods/Target Support Files/Pods-Estetica Regenere/Pods-Estetica Regenere.debug.xcconfig"; sourceTree = "<group>"; };
/* End PBXFileReference section */

/* Begin PBXFrameworksBuildPhase section */
		B9E215011BC9AE6F00A5F7D1 /* Frameworks */ = {
			isa = PBXFrameworksBuildPhase;
			buildActionMask = 2147483647;
			files = (
				15BEA3C2AD56432008E6D8D3 /* libPods-Estetica Regenere.a in Frameworks */,
			);
			runOnlyForDeploymentPostprocessing = 0;
		};
		B9E2151A1BC9AE7000A5F7D1 /* Frameworks */ = {
			isa = PBXFrameworksBuildPhase;
			buildActionMask = 2147483647;
			files = (
			);
			runOnlyForDeploymentPostprocessing = 0;
		};
/* End PBXFrameworksBuildPhase section */

/* Begin PBXGroup section */
		B10A65789D2B9250C4747C6D /* Pods */ = {
			isa = PBXGroup;
			children = (
				E4731EBA12AF5906AED394E3 /* Pods-Estetica Regenere.debug.xcconfig */,
				82CA84A87AFEE242AE49BE21 /* Pods-Estetica Regenere.release.xcconfig */,
			);
			name = Pods;
			sourceTree = "<group>";
		};
		B851C4E8C35FAB503672EE5D /* Frameworks */ = {
			isa = PBXGroup;
			children = (
				BC13F1E66E10FF3D73B3CAF8 /* libPods-Estetica Regenere.a */,
			);
			name = Frameworks;
			sourceTree = "<group>";
		};
		B96520DE1BCED2360039E466 /* LoadingView */ = {
			isa = PBXGroup;
			children = (
				B96520DF1BCED25F0039E466 /* LoadingView.h */,
				B96520E01BCED25F0039E466 /* LoadingView.m */,
				B96520E21BCED26F0039E466 /* LoadingView.xib */,
			);
			name = LoadingView;
			sourceTree = "<group>";
		};
		B96520E41BCED8B30039E466 /* Providers */ = {
			isa = PBXGroup;
			children = (
				B9F94E2D1BD96698001A55AE /* ServicesProvider */,
				B9F94E251BD93FA2001A55AE /* AreasProvider */,
				B9F94E1B1BD938DA001A55AE /* ScheduleAppointmentProvider */,
				B983A4D51BD14B16009569CD /* DeleteAppointmentProvider */,
				B983A4C71BD06AF4009569CD /* MenuProvider */,
				B96520ED1BCF0BA60039E466 /* HomeProvider */,
				B96520E91BCF015C0039E466 /* BaseProvider */,
				B96520E51BCED8C20039E466 /* LoginProvider */,
			);
			name = Providers;
			sourceTree = "<group>";
		};
		B96520E51BCED8C20039E466 /* LoginProvider */ = {
			isa = PBXGroup;
			children = (
				B96520E61BCED8FB0039E466 /* LoginProvider.h */,
				B96520E71BCED8FB0039E466 /* LoginProvider.m */,
			);
			name = LoginProvider;
			sourceTree = "<group>";
		};
		B96520E91BCF015C0039E466 /* BaseProvider */ = {
			isa = PBXGroup;
			children = (
				B96520EA1BCF017B0039E466 /* BaseProvider.h */,
				B96520EB1BCF017B0039E466 /* BaseProvider.m */,
			);
			name = BaseProvider;
			sourceTree = "<group>";
		};
		B96520ED1BCF0BA60039E466 /* HomeProvider */ = {
			isa = PBXGroup;
			children = (
				B96520EE1BCF0BC60039E466 /* HomeProvider.h */,
				B96520EF1BCF0BC70039E466 /* HomeProvider.m */,
			);
			name = HomeProvider;
			sourceTree = "<group>";
		};
		B96520F31BCF30680039E466 /* Models */ = {
			isa = PBXGroup;
			children = (
				B96520F41BCF30680039E466 /* AppointmentsList.h */,
				B96520F51BCF30680039E466 /* AppointmentsList.m */,
				B9F94E221BD93B5B001A55AE /* RegenereOption.h */,
				B9F94E231BD93B5B001A55AE /* RegenereOption.m */,
			);
			path = Models;
			sourceTree = "<group>";
		};
		B96520F71BCF42A80039E466 /* MoreButtonView */ = {
			isa = PBXGroup;
			children = (
				B96520F81BCF42D50039E466 /* MoreButtonView.h */,
				B96520F91BCF42D50039E466 /* MoreButtonView.m */,
				B96520FB1BCF42EE0039E466 /* MoreButtonView.xib */,
			);
			name = MoreButtonView;
			sourceTree = "<group>";
		};
		B96520FD1BCFF3380039E466 /* SidePanel */ = {
			isa = PBXGroup;
			children = (
				B96520FE1BCFF3380039E466 /* JASidePanelController.h */,
				B96520FF1BCFF3380039E466 /* JASidePanelController.m */,
				B96521001BCFF3380039E466 /* UIViewController+JASidePanel.h */,
				B96521011BCFF3380039E466 /* UIViewController+JASidePanel.m */,
			);
			name = SidePanel;
			path = Components/SidePanel;
			sourceTree = "<group>";
		};
		B983A4BB1BD0609D009569CD /* MenuViewController */ = {
			isa = PBXGroup;
			children = (
				B983A4BC1BD060CA009569CD /* MenuViewController.h */,
				B983A4BD1BD060CA009569CD /* MenuViewController.m */,
				B983A4BE1BD060CA009569CD /* MenuViewController.xib */,
			);
			name = MenuViewController;
			sourceTree = "<group>";
		};
		B983A4C71BD06AF4009569CD /* MenuProvider */ = {
			isa = PBXGroup;
			children = (
				B983A4C81BD06B14009569CD /* MenuProvider.h */,
				B983A4C91BD06B14009569CD /* MenuProvider.m */,
			);
			name = MenuProvider;
			sourceTree = "<group>";
		};
		B983A4CB1BD06D83009569CD /* MenuTableViewManager */ = {
			isa = PBXGroup;
			children = (
				B983A4CC1BD06DA9009569CD /* MenuTableViewManager.h */,
				B983A4CD1BD06DA9009569CD /* MenuTableViewManager.m */,
			);
			name = MenuTableViewManager;
			sourceTree = "<group>";
		};
		B983A4CF1BD081EB009569CD /* MenuTableViewCell */ = {
			isa = PBXGroup;
			children = (
				B983A4D01BD08213009569CD /* MenuTableViewCell.h */,
				B983A4D11BD08213009569CD /* MenuTableViewCell.m */,
				B983A4D21BD08213009569CD /* MenuTableViewCell.xib */,
			);
			name = MenuTableViewCell;
			sourceTree = "<group>";
		};
		B983A4D51BD14B16009569CD /* DeleteAppointmentProvider */ = {
			isa = PBXGroup;
			children = (
				B983A4D61BD14B3D009569CD /* DeleteAppointmentProvider.h */,
				B983A4D71BD14B3D009569CD /* DeleteAppointmentProvider.m */,
			);
			name = DeleteAppointmentProvider;
			sourceTree = "<group>";
		};
		B983A4D91BD1682A009569CD /* ScheduleAppointmentViewController */ = {
			isa = PBXGroup;
			children = (
				B983A4DA1BD16855009569CD /* ScheduleAppointmentViewController.h */,
				B983A4DB1BD16855009569CD /* ScheduleAppointmentViewController.m */,
				B983A4DC1BD16855009569CD /* ScheduleAppointmentViewController.xib */,
			);
			name = ScheduleAppointmentViewController;
			sourceTree = "<group>";
		};
		B983A4DF1BD168B6009569CD /* BaseHeaderView */ = {
			isa = PBXGroup;
			children = (
				B983A4E01BD168D2009569CD /* BaseHeaderView.h */,
				B983A4E11BD168D2009569CD /* BaseHeaderView.m */,
				B983A4E31BD168E4009569CD /* BaseHeaderView.xib */,
			);
			name = BaseHeaderView;
			sourceTree = "<group>";
		};
		B983A4E51BD17B10009569CD /* PrivacyPolicyViewController */ = {
			isa = PBXGroup;
			children = (
				B983A4E61BD17B34009569CD /* PrivacyPolicyViewController.h */,
				B983A4E71BD17B34009569CD /* PrivacyPolicyViewController.m */,
				B983A4E81BD17B34009569CD /* PrivacyPolicyViewController.xib */,
			);
			name = PrivacyPolicyViewController;
			sourceTree = "<group>";
		};
		B983A4EB1BD18270009569CD /* ContactViewController */ = {
			isa = PBXGroup;
			children = (
				B983A4EC1BD18293009569CD /* ContactViewController.h */,
				B983A4ED1BD18293009569CD /* ContactViewController.m */,
				B983A4EE1BD18293009569CD /* ContactViewController.xib */,
			);
			name = ContactViewController;
			sourceTree = "<group>";
		};
		B983A4F11BD18D59009569CD /* FooterView */ = {
			isa = PBXGroup;
			children = (
				B983A4F21BD18D7F009569CD /* FooterView.h */,
				B983A4F31BD18D7F009569CD /* FooterView.m */,
				B983A4F51BD18D9B009569CD /* FooterView.xib */,
			);
			name = FooterView;
			sourceTree = "<group>";
		};
		B9CAF5241BD65D760035C127 /* LoginFormView */ = {
			isa = PBXGroup;
			children = (
				B9CAF5251BD65D9E0035C127 /* LoginFormView.h */,
				B9CAF5261BD65D9E0035C127 /* LoginFormView.m */,
				B9CAF5281BD65DBD0035C127 /* LoginFormView.xib */,
			);
			name = LoginFormView;
			sourceTree = "<group>";
		};
		B9E214FB1BC9AE6F00A5F7D1 = {
			isa = PBXGroup;
			children = (
				B9E215061BC9AE6F00A5F7D1 /* Estetica Regenere */,
				B9E215201BC9AE7000A5F7D1 /* Estetica RegenereTests */,
				B9E215051BC9AE6F00A5F7D1 /* Products */,
				B10A65789D2B9250C4747C6D /* Pods */,
				B851C4E8C35FAB503672EE5D /* Frameworks */,
			);
			sourceTree = "<group>";
		};
		B9E215051BC9AE6F00A5F7D1 /* Products */ = {
			isa = PBXGroup;
			children = (
				B9E215041BC9AE6F00A5F7D1 /* Estetica Regenere.app */,
				B9E2151D1BC9AE7000A5F7D1 /* Estetica RegenereTests.xctest */,
			);
			name = Products;
			sourceTree = "<group>";
		};
		B9E215061BC9AE6F00A5F7D1 /* Estetica Regenere */ = {
			isa = PBXGroup;
			children = (
				B96520F31BCF30680039E466 /* Models */,
				B96520E41BCED8B30039E466 /* Providers */,
				B9E215461BCADB6000A5F7D1 /* Modules */,
				B9E2152D1BC9AF5300A5F7D1 /* Components */,
				B9E2150B1BC9AE6F00A5F7D1 /* AppDelegate.h */,
				B9E2150C1BC9AE6F00A5F7D1 /* AppDelegate.m */,
				B9E2150E1BC9AE6F00A5F7D1 /* ViewController.h */,
				B9E2150F1BC9AE6F00A5F7D1 /* ViewController.m */,
				B9E215111BC9AE6F00A5F7D1 /* Main.storyboard */,
				B9E215141BC9AE6F00A5F7D1 /* Images.xcassets */,
				B9E215161BC9AE6F00A5F7D1 /* LaunchScreen.xib */,
				B9E215071BC9AE6F00A5F7D1 /* Supporting Files */,
			);
			path = "Estetica Regenere";
			sourceTree = "<group>";
		};
		B9E215071BC9AE6F00A5F7D1 /* Supporting Files */ = {
			isa = PBXGroup;
			children = (
				B9E215081BC9AE6F00A5F7D1 /* Info.plist */,
				B9E215091BC9AE6F00A5F7D1 /* main.m */,
			);
			name = "Supporting Files";
			sourceTree = "<group>";
		};
		B9E215201BC9AE7000A5F7D1 /* Estetica RegenereTests */ = {
			isa = PBXGroup;
			children = (
				B9E215231BC9AE7000A5F7D1 /* Estetica_RegenereTests.m */,
				B9E215211BC9AE7000A5F7D1 /* Supporting Files */,
			);
			path = "Estetica RegenereTests";
			sourceTree = "<group>";
		};
		B9E215211BC9AE7000A5F7D1 /* Supporting Files */ = {
			isa = PBXGroup;
			children = (
				B9E215221BC9AE7000A5F7D1 /* Info.plist */,
			);
			name = "Supporting Files";
			sourceTree = "<group>";
		};
		B9E2152D1BC9AF5300A5F7D1 /* Components */ = {
			isa = PBXGroup;
			children = (
				B9F94E291BD956C0001A55AE /* TextFieldWithoutCursor */,
				B9F94E141BD911AA001A55AE /* RegenerePickerView */,
				B9CAF5241BD65D760035C127 /* LoginFormView */,
				B983A4F11BD18D59009569CD /* FooterView */,
				B983A4DF1BD168B6009569CD /* BaseHeaderView */,
				B983A4CF1BD081EB009569CD /* MenuTableViewCell */,
				B983A4CB1BD06D83009569CD /* MenuTableViewManager */,
				B96520FD1BCFF3380039E466 /* SidePanel */,
				B96520F71BCF42A80039E466 /* MoreButtonView */,
				B96520DE1BCED2360039E466 /* LoadingView */,
				B9E2155F1BCAF1D100A5F7D1 /* RememberMeView */,
				B9E215581BCAE57900A5F7D1 /* BaseTableViewManager */,
				B9E215571BCAE55800A5F7D1 /* HomeTableViewManager */,
				B9E215511BCADFC100A5F7D1 /* HomeTableViewCell */,
				B9E2154D1BCADF5200A5F7D1 /* BaseComponentsView */,
				B9E215401BC9B95200A5F7D1 /* BasicButtonView */,
				B9E2153B1BC9B1D800A5F7D1 /* HomeHeaderView */,
			);
			name = Components;
			sourceTree = "<group>";
		};
		B9E2153B1BC9B1D800A5F7D1 /* HomeHeaderView */ = {
			isa = PBXGroup;
			children = (
				B9E215381BC9B1CF00A5F7D1 /* HomeHeaderView.h */,
				B9E215391BC9B1CF00A5F7D1 /* HomeHeaderView.m */,
				B9E2153E1BC9B20D00A5F7D1 /* HomeHeaderView.xib */,
			);
			name = HomeHeaderView;
			sourceTree = "<group>";
		};
		B9E215401BC9B95200A5F7D1 /* BasicButtonView */ = {
			isa = PBXGroup;
			children = (
				B9E215411BC9B98A00A5F7D1 /* BasicButtonView.h */,
				B9E215421BC9B98A00A5F7D1 /* BasicButtonView.m */,
				B9E215441BC9BEC200A5F7D1 /* BasicButtonView.xib */,
			);
			name = BasicButtonView;
			sourceTree = "<group>";
		};
		B9E215461BCADB6000A5F7D1 /* Modules */ = {
			isa = PBXGroup;
			children = (
				B983A4EB1BD18270009569CD /* ContactViewController */,
				B983A4E51BD17B10009569CD /* PrivacyPolicyViewController */,
				B983A4D91BD1682A009569CD /* ScheduleAppointmentViewController */,
				B983A4BB1BD0609D009569CD /* MenuViewController */,
				B9E2156B1BCC014D00A5F7D1 /* LoginViewController */,
				B9E215651BCAF6EC00A5F7D1 /* UnderConstructionViewController */,
				B9E215471BCADB6900A5F7D1 /* HomeViewController */,
			);
			name = Modules;
			sourceTree = "<group>";
		};
		B9E215471BCADB6900A5F7D1 /* HomeViewController */ = {
			isa = PBXGroup;
			children = (
				B9E215481BCADB9000A5F7D1 /* HomeViewController.h */,
				B9E215491BCADB9000A5F7D1 /* HomeViewController.m */,
				B9E2154A1BCADB9000A5F7D1 /* HomeViewController.xib */,
			);
			name = HomeViewController;
			sourceTree = "<group>";
		};
		B9E2154D1BCADF5200A5F7D1 /* BaseComponentsView */ = {
			isa = PBXGroup;
			children = (
				B9E2154E1BCADF5200A5F7D1 /* BaseComponentsView.h */,
				B9E2154F1BCADF5200A5F7D1 /* BaseComponentsView.m */,
			);
			name = BaseComponentsView;
			path = Components/BaseComponentsView;
			sourceTree = "<group>";
		};
		B9E215511BCADFC100A5F7D1 /* HomeTableViewCell */ = {
			isa = PBXGroup;
			children = (
				B9E215521BCADFED00A5F7D1 /* HomeTableViewCell.h */,
				B9E215531BCADFED00A5F7D1 /* HomeTableViewCell.m */,
				B9E215541BCADFED00A5F7D1 /* HomeTableViewCell.xib */,
			);
			name = HomeTableViewCell;
			sourceTree = "<group>";
		};
		B9E215571BCAE55800A5F7D1 /* HomeTableViewManager */ = {
			isa = PBXGroup;
			children = (
				B9E2155C1BCAE59400A5F7D1 /* HomeTableViewManager.h */,
				B9E2155D1BCAE59400A5F7D1 /* HomeTableViewManager.m */,
			);
			name = HomeTableViewManager;
			sourceTree = "<group>";
		};
		B9E215581BCAE57900A5F7D1 /* BaseTableViewManager */ = {
			isa = PBXGroup;
			children = (
				B9E215591BCAE57900A5F7D1 /* BaseTableViewManager.h */,
				B9E2155A1BCAE57900A5F7D1 /* BaseTableViewManager.m */,
			);
			name = BaseTableViewManager;
			path = Components/BaseTableViewManager;
			sourceTree = "<group>";
		};
		B9E2155F1BCAF1D100A5F7D1 /* RememberMeView */ = {
			isa = PBXGroup;
			children = (
				B9E215601BCAF1FA00A5F7D1 /* RememberMeView.h */,
				B9E215611BCAF1FA00A5F7D1 /* RememberMeView.m */,
				B9E215631BCAF20900A5F7D1 /* RememberMeView.xib */,
			);
			name = RememberMeView;
			sourceTree = "<group>";
		};
		B9E215651BCAF6EC00A5F7D1 /* UnderConstructionViewController */ = {
			isa = PBXGroup;
			children = (
				B9E215661BCAF71100A5F7D1 /* UnderConstructionViewController.h */,
				B9E215671BCAF71100A5F7D1 /* UnderConstructionViewController.m */,
				B9E215681BCAF71100A5F7D1 /* UnderConstructionViewController.xib */,
			);
			name = UnderConstructionViewController;
			sourceTree = "<group>";
		};
		B9E2156B1BCC014D00A5F7D1 /* LoginViewController */ = {
			isa = PBXGroup;
			children = (
				B9E2156C1BCC016700A5F7D1 /* LoginViewController.h */,
				B9E2156D1BCC016700A5F7D1 /* LoginViewController.m */,
				B9E2156E1BCC016700A5F7D1 /* LoginViewController.xib */,
			);
			name = LoginViewController;
			sourceTree = "<group>";
		};
		B9F94E141BD911AA001A55AE /* RegenerePickerView */ = {
			isa = PBXGroup;
			children = (
				B9F94E151BD911E0001A55AE /* RegenerePickerView.h */,
				B9F94E161BD911E0001A55AE /* RegenerePickerView.m */,
				B9F94E181BD911FF001A55AE /* RegenerePickerView.xib */,
			);
			name = RegenerePickerView;
			sourceTree = "<group>";
		};
		B9F94E1B1BD938DA001A55AE /* ScheduleAppointmentProvider */ = {
			isa = PBXGroup;
			children = (
				B9F94E1C1BD938FE001A55AE /* ScheduleAppointmentProvider.h */,
				B9F94E1D1BD938FE001A55AE /* ScheduleAppointmentProvider.m */,
			);
			name = ScheduleAppointmentProvider;
			sourceTree = "<group>";
		};
		B9F94E251BD93FA2001A55AE /* AreasProvider */ = {
			isa = PBXGroup;
			children = (
				B9F94E261BD93FC1001A55AE /* AreasProvider.h */,
				B9F94E271BD93FC1001A55AE /* AreasProvider.m */,
			);
			name = AreasProvider;
			sourceTree = "<group>";
		};
		B9F94E291BD956C0001A55AE /* TextFieldWithoutCursor */ = {
			isa = PBXGroup;
			children = (
				B9F94E2A1BD956E5001A55AE /* TextFieldWithoutCursor.h */,
				B9F94E2B1BD956E5001A55AE /* TextFieldWithoutCursor.m */,
			);
			name = TextFieldWithoutCursor;
			sourceTree = "<group>";
		};
		B9F94E2D1BD96698001A55AE /* ServicesProvider */ = {
			isa = PBXGroup;
			children = (
				B9F94E2E1BD966B5001A55AE /* ServicesProvider.h */,
				B9F94E2F1BD966B5001A55AE /* ServicesProvider.m */,
			);
			name = ServicesProvider;
			sourceTree = "<group>";
		};
/* End PBXGroup section */

/* Begin PBXNativeTarget section */
		B9E215031BC9AE6F00A5F7D1 /* Estetica Regenere */ = {
			isa = PBXNativeTarget;
			buildConfigurationList = B9E215271BC9AE7000A5F7D1 /* Build configuration list for PBXNativeTarget "Estetica Regenere" */;
			buildPhases = (
				A0550491AA79D71810BFA545 /* Check Pods Manifest.lock */,
				B9E215001BC9AE6F00A5F7D1 /* Sources */,
				B9E215011BC9AE6F00A5F7D1 /* Frameworks */,
				B9E215021BC9AE6F00A5F7D1 /* Resources */,
				2646E83AB06BB95027AD5D01 /* Copy Pods Resources */,
			);
			buildRules = (
			);
			dependencies = (
			);
			name = "Estetica Regenere";
			productName = "Estetica Regenere";
			productReference = B9E215041BC9AE6F00A5F7D1 /* Estetica Regenere.app */;
			productType = "com.apple.product-type.application";
		};
		B9E2151C1BC9AE7000A5F7D1 /* Estetica RegenereTests */ = {
			isa = PBXNativeTarget;
			buildConfigurationList = B9E2152A1BC9AE7000A5F7D1 /* Build configuration list for PBXNativeTarget "Estetica RegenereTests" */;
			buildPhases = (
				B9E215191BC9AE7000A5F7D1 /* Sources */,
				B9E2151A1BC9AE7000A5F7D1 /* Frameworks */,
				B9E2151B1BC9AE7000A5F7D1 /* Resources */,
			);
			buildRules = (
			);
			dependencies = (
				B9E2151F1BC9AE7000A5F7D1 /* PBXTargetDependency */,
			);
			name = "Estetica RegenereTests";
			productName = "Estetica RegenereTests";
			productReference = B9E2151D1BC9AE7000A5F7D1 /* Estetica RegenereTests.xctest */;
			productType = "com.apple.product-type.bundle.unit-test";
		};
/* End PBXNativeTarget section */

/* Begin PBXProject section */
		B9E214FC1BC9AE6F00A5F7D1 /* Project object */ = {
			isa = PBXProject;
			attributes = {
				LastUpgradeCheck = 0630;
				ORGANIZATIONNAME = Adriano;
				TargetAttributes = {
					B9E215031BC9AE6F00A5F7D1 = {
						CreatedOnToolsVersion = 6.3.2;
					};
					B9E2151C1BC9AE7000A5F7D1 = {
						CreatedOnToolsVersion = 6.3.2;
						TestTargetID = B9E215031BC9AE6F00A5F7D1;
					};
				};
			};
			buildConfigurationList = B9E214FF1BC9AE6F00A5F7D1 /* Build configuration list for PBXProject "Estetica Regenere" */;
			compatibilityVersion = "Xcode 3.2";
			developmentRegion = English;
			hasScannedForEncodings = 0;
			knownRegions = (
				en,
				Base,
			);
			mainGroup = B9E214FB1BC9AE6F00A5F7D1;
			productRefGroup = B9E215051BC9AE6F00A5F7D1 /* Products */;
			projectDirPath = "";
			projectRoot = "";
			targets = (
				B9E215031BC9AE6F00A5F7D1 /* Estetica Regenere */,
				B9E2151C1BC9AE7000A5F7D1 /* Estetica RegenereTests */,
			);
		};
/* End PBXProject section */

/* Begin PBXResourcesBuildPhase section */
		B9E215021BC9AE6F00A5F7D1 /* Resources */ = {
			isa = PBXResourcesBuildPhase;
			buildActionMask = 2147483647;
			files = (
				B9E215701BCC016700A5F7D1 /* LoginViewController.xib in Resources */,
				B983A4DE1BD16855009569CD /* ScheduleAppointmentViewController.xib in Resources */,
				B9E2153F1BC9B20D00A5F7D1 /* HomeHeaderView.xib in Resources */,
				B983A4D41BD08213009569CD /* MenuTableViewCell.xib in Resources */,
				B9E215561BCADFED00A5F7D1 /* HomeTableViewCell.xib in Resources */,
				B9F94E191BD911FF001A55AE /* RegenerePickerView.xib in Resources */,
				B9CAF5291BD65DBD0035C127 /* LoginFormView.xib in Resources */,
				B983A4F01BD18293009569CD /* ContactViewController.xib in Resources */,
				B96520FC1BCF42EE0039E466 /* MoreButtonView.xib in Resources */,
				B983A4C01BD060CA009569CD /* MenuViewController.xib in Resources */,
				B9E215131BC9AE6F00A5F7D1 /* Main.storyboard in Resources */,
				B9E215451BC9BEC200A5F7D1 /* BasicButtonView.xib in Resources */,
				B9E215181BC9AE6F00A5F7D1 /* LaunchScreen.xib in Resources */,
				B9E215151BC9AE6F00A5F7D1 /* Images.xcassets in Resources */,
				B983A4F61BD18D9B009569CD /* FooterView.xib in Resources */,
				B983A4E41BD168E4009569CD /* BaseHeaderView.xib in Resources */,
				B9E2154C1BCADB9000A5F7D1 /* HomeViewController.xib in Resources */,
				B96520E31BCED26F0039E466 /* LoadingView.xib in Resources */,
				B9E215641BCAF20900A5F7D1 /* RememberMeView.xib in Resources */,
				B9E2156A1BCAF71100A5F7D1 /* UnderConstructionViewController.xib in Resources */,
				B983A4EA1BD17B34009569CD /* PrivacyPolicyViewController.xib in Resources */,
			);
			runOnlyForDeploymentPostprocessing = 0;
		};
		B9E2151B1BC9AE7000A5F7D1 /* Resources */ = {
			isa = PBXResourcesBuildPhase;
			buildActionMask = 2147483647;
			files = (
			);
			runOnlyForDeploymentPostprocessing = 0;
		};
/* End PBXResourcesBuildPhase section */

/* Begin PBXShellScriptBuildPhase section */
		2646E83AB06BB95027AD5D01 /* Copy Pods Resources */ = {
			isa = PBXShellScriptBuildPhase;
			buildActionMask = 2147483647;
			files = (
			);
			inputPaths = (
			);
			name = "Copy Pods Resources";
			outputPaths = (
			);
			runOnlyForDeploymentPostprocessing = 0;
			shellPath = /bin/sh;
			shellScript = "\"${SRCROOT}/Pods/Target Support Files/Pods-Estetica Regenere/Pods-Estetica Regenere-resources.sh\"\n";
			showEnvVarsInLog = 0;
		};
		A0550491AA79D71810BFA545 /* Check Pods Manifest.lock */ = {
			isa = PBXShellScriptBuildPhase;
			buildActionMask = 2147483647;
			files = (
			);
			inputPaths = (
			);
			name = "Check Pods Manifest.lock";
			outputPaths = (
			);
			runOnlyForDeploymentPostprocessing = 0;
			shellPath = /bin/sh;
			shellScript = "diff \"${PODS_ROOT}/../Podfile.lock\" \"${PODS_ROOT}/Manifest.lock\" > /dev/null\nif [[ $? != 0 ]] ; then\n    cat << EOM\nerror: The sandbox is not in sync with the Podfile.lock. Run 'pod install' or update your CocoaPods installation.\nEOM\n    exit 1\nfi\n";
			showEnvVarsInLog = 0;
		};
/* End PBXShellScriptBuildPhase section */

/* Begin PBXSourcesBuildPhase section */
		B9E215001BC9AE6F00A5F7D1 /* Sources */ = {
			isa = PBXSourcesBuildPhase;
			buildActionMask = 2147483647;
			files = (
				B9F94E171BD911E0001A55AE /* RegenerePickerView.m in Sources */,
				B9E215691BCAF71100A5F7D1 /* UnderConstructionViewController.m in Sources */,
				B983A4DD1BD16855009569CD /* ScheduleAppointmentViewController.m in Sources */,
				B9F94E1E1BD938FE001A55AE /* ScheduleAppointmentProvider.m in Sources */,
				B96520FA1BCF42D50039E466 /* MoreButtonView.m in Sources */,
				B96520E11BCED25F0039E466 /* LoadingView.m in Sources */,
				B9E2155B1BCAE57900A5F7D1 /* BaseTableViewManager.m in Sources */,
				B9E2156F1BCC016700A5F7D1 /* LoginViewController.m in Sources */,
				B96521031BCFF3380039E466 /* UIViewController+JASidePanel.m in Sources */,
				B9F94E281BD93FC1001A55AE /* AreasProvider.m in Sources */,
				B983A4CE1BD06DA9009569CD /* MenuTableViewManager.m in Sources */,
				B983A4D81BD14B3D009569CD /* DeleteAppointmentProvider.m in Sources */,
				B96521021BCFF3380039E466 /* JASidePanelController.m in Sources */,
				B9E2153A1BC9B1CF00A5F7D1 /* HomeHeaderView.m in Sources */,
				B9E215101BC9AE6F00A5F7D1 /* ViewController.m in Sources */,
				B96520F61BCF30680039E466 /* AppointmentsList.m in Sources */,
				B9E2150D1BC9AE6F00A5F7D1 /* AppDelegate.m in Sources */,
				B9E2155E1BCAE59400A5F7D1 /* HomeTableViewManager.m in Sources */,
				B9E215501BCADF5200A5F7D1 /* BaseComponentsView.m in Sources */,
				B983A4F41BD18D7F009569CD /* FooterView.m in Sources */,
				B983A4EF1BD18293009569CD /* ContactViewController.m in Sources */,
				B9E215621BCAF1FA00A5F7D1 /* RememberMeView.m in Sources */,
				B9F94E2C1BD956E5001A55AE /* TextFieldWithoutCursor.m in Sources */,
				B9E215431BC9B98A00A5F7D1 /* BasicButtonView.m in Sources */,
				B9E215551BCADFED00A5F7D1 /* HomeTableViewCell.m in Sources */,
				B983A4E21BD168D2009569CD /* BaseHeaderView.m in Sources */,
				B9F94E301BD966B5001A55AE /* ServicesProvider.m in Sources */,
				B983A4E91BD17B34009569CD /* PrivacyPolicyViewController.m in Sources */,
				B9E2150A1BC9AE6F00A5F7D1 /* main.m in Sources */,
				B96520E81BCED8FB0039E466 /* LoginProvider.m in Sources */,
				B96520EC1BCF017B0039E466 /* BaseProvider.m in Sources */,
				B9E2154B1BCADB9000A5F7D1 /* HomeViewController.m in Sources */,
				B96520F01BCF0BC70039E466 /* HomeProvider.m in Sources */,
				B983A4CA1BD06B14009569CD /* MenuProvider.m in Sources */,
				B9F94E241BD93B5B001A55AE /* RegenereOption.m in Sources */,
				B983A4D31BD08213009569CD /* MenuTableViewCell.m in Sources */,
				B9CAF5271BD65D9E0035C127 /* LoginFormView.m in Sources */,
				B983A4BF1BD060CA009569CD /* MenuViewController.m in Sources */,
			);
			runOnlyForDeploymentPostprocessing = 0;
		};
		B9E215191BC9AE7000A5F7D1 /* Sources */ = {
			isa = PBXSourcesBuildPhase;
			buildActionMask = 2147483647;
			files = (
				B9E215241BC9AE7000A5F7D1 /* Estetica_RegenereTests.m in Sources */,
			);
			runOnlyForDeploymentPostprocessing = 0;
		};
/* End PBXSourcesBuildPhase section */

/* Begin PBXTargetDependency section */
		B9E2151F1BC9AE7000A5F7D1 /* PBXTargetDependency */ = {
			isa = PBXTargetDependency;
			target = B9E215031BC9AE6F00A5F7D1 /* Estetica Regenere */;
			targetProxy = B9E2151E1BC9AE7000A5F7D1 /* PBXContainerItemProxy */;
		};
/* End PBXTargetDependency section */

/* Begin PBXVariantGroup section */
		B9E215111BC9AE6F00A5F7D1 /* Main.storyboard */ = {
			isa = PBXVariantGroup;
			children = (
				B9E215121BC9AE6F00A5F7D1 /* Base */,
			);
			name = Main.storyboard;
			sourceTree = "<group>";
		};
		B9E215161BC9AE6F00A5F7D1 /* LaunchScreen.xib */ = {
			isa = PBXVariantGroup;
			children = (
				B9E215171BC9AE6F00A5F7D1 /* Base */,
			);
			name = LaunchScreen.xib;
			sourceTree = "<group>";
		};
/* End PBXVariantGroup section */

/* Begin XCBuildConfiguration section */
		B9E215251BC9AE7000A5F7D1 /* Debug */ = {
			isa = XCBuildConfiguration;
			buildSettings = {
				ALWAYS_SEARCH_USER_PATHS = NO;
				CLANG_CXX_LANGUAGE_STANDARD = "gnu++0x";
				CLANG_CXX_LIBRARY = "libc++";
				CLANG_ENABLE_MODULES = YES;
				CLANG_ENABLE_OBJC_ARC = YES;
				CLANG_WARN_BOOL_CONVERSION = YES;
				CLANG_WARN_CONSTANT_CONVERSION = YES;
				CLANG_WARN_DIRECT_OBJC_ISA_USAGE = YES_ERROR;
				CLANG_WARN_EMPTY_BODY = YES;
				CLANG_WARN_ENUM_CONVERSION = YES;
				CLANG_WARN_INT_CONVERSION = YES;
				CLANG_WARN_OBJC_ROOT_CLASS = YES_ERROR;
				CLANG_WARN_UNREACHABLE_CODE = YES;
				CLANG_WARN__DUPLICATE_METHOD_MATCH = YES;
				"CODE_SIGN_IDENTITY[sdk=iphoneos*]" = "iPhone Developer";
				COPY_PHASE_STRIP = NO;
				DEBUG_INFORMATION_FORMAT = "dwarf-with-dsym";
				ENABLE_STRICT_OBJC_MSGSEND = YES;
				GCC_C_LANGUAGE_STANDARD = gnu99;
				GCC_DYNAMIC_NO_PIC = NO;
				GCC_NO_COMMON_BLOCKS = YES;
				GCC_OPTIMIZATION_LEVEL = 0;
				GCC_PREPROCESSOR_DEFINITIONS = (
					"DEBUG=1",
					"$(inherited)",
				);
				GCC_SYMBOLS_PRIVATE_EXTERN = NO;
				GCC_WARN_64_TO_32_BIT_CONVERSION = YES;
				GCC_WARN_ABOUT_RETURN_TYPE = YES_ERROR;
				GCC_WARN_UNDECLARED_SELECTOR = YES;
				GCC_WARN_UNINITIALIZED_AUTOS = YES_AGGRESSIVE;
				GCC_WARN_UNUSED_FUNCTION = YES;
				GCC_WARN_UNUSED_VARIABLE = YES;
				IPHONEOS_DEPLOYMENT_TARGET = 8.3;
				MTL_ENABLE_DEBUG_INFO = YES;
				ONLY_ACTIVE_ARCH = YES;
				SDKROOT = iphoneos;
				TARGETED_DEVICE_FAMILY = "1,2";
			};
			name = Debug;
		};
		B9E215261BC9AE7000A5F7D1 /* Release */ = {
			isa = XCBuildConfiguration;
			buildSettings = {
				ALWAYS_SEARCH_USER_PATHS = NO;
				CLANG_CXX_LANGUAGE_STANDARD = "gnu++0x";
				CLANG_CXX_LIBRARY = "libc++";
				CLANG_ENABLE_MODULES = YES;
				CLANG_ENABLE_OBJC_ARC = YES;
				CLANG_WARN_BOOL_CONVERSION = YES;
				CLANG_WARN_CONSTANT_CONVERSION = YES;
				CLANG_WARN_DIRECT_OBJC_ISA_USAGE = YES_ERROR;
				CLANG_WARN_EMPTY_BODY = YES;
				CLANG_WARN_ENUM_CONVERSION = YES;
				CLANG_WARN_INT_CONVERSION = YES;
				CLANG_WARN_OBJC_ROOT_CLASS = YES_ERROR;
				CLANG_WARN_UNREACHABLE_CODE = YES;
				CLANG_WARN__DUPLICATE_METHOD_MATCH = YES;
				"CODE_SIGN_IDENTITY[sdk=iphoneos*]" = "iPhone Developer";
				COPY_PHASE_STRIP = NO;
				DEBUG_INFORMATION_FORMAT = "dwarf-with-dsym";
				ENABLE_NS_ASSERTIONS = NO;
				ENABLE_STRICT_OBJC_MSGSEND = YES;
				GCC_C_LANGUAGE_STANDARD = gnu99;
				GCC_NO_COMMON_BLOCKS = YES;
				GCC_WARN_64_TO_32_BIT_CONVERSION = YES;
				GCC_WARN_ABOUT_RETURN_TYPE = YES_ERROR;
				GCC_WARN_UNDECLARED_SELECTOR = YES;
				GCC_WARN_UNINITIALIZED_AUTOS = YES_AGGRESSIVE;
				GCC_WARN_UNUSED_FUNCTION = YES;
				GCC_WARN_UNUSED_VARIABLE = YES;
				IPHONEOS_DEPLOYMENT_TARGET = 8.3;
				MTL_ENABLE_DEBUG_INFO = NO;
				SDKROOT = iphoneos;
				TARGETED_DEVICE_FAMILY = "1,2";
				VALIDATE_PRODUCT = YES;
			};
			name = Release;
		};
		B9E215281BC9AE7000A5F7D1 /* Debug */ = {
			isa = XCBuildConfiguration;
			baseConfigurationReference = E4731EBA12AF5906AED394E3 /* Pods-Estetica Regenere.debug.xcconfig */;
			buildSettings = {
				ASSETCATALOG_COMPILER_APPICON_NAME = AppIcon;
				INFOPLIST_FILE = "Estetica Regenere/Info.plist";
				IPHONEOS_DEPLOYMENT_TARGET = 7.1;
				LD_RUNPATH_SEARCH_PATHS = "$(inherited) @executable_path/Frameworks";
				PRODUCT_NAME = "$(TARGET_NAME)";
			};
			name = Debug;
		};
		B9E215291BC9AE7000A5F7D1 /* Release */ = {
			isa = XCBuildConfiguration;
			baseConfigurationReference = 82CA84A87AFEE242AE49BE21 /* Pods-Estetica Regenere.release.xcconfig */;
			buildSettings = {
				ASSETCATALOG_COMPILER_APPICON_NAME = AppIcon;
				INFOPLIST_FILE = "Estetica Regenere/Info.plist";
				IPHONEOS_DEPLOYMENT_TARGET = 7.1;
				LD_RUNPATH_SEARCH_PATHS = "$(inherited) @executable_path/Frameworks";
				PRODUCT_NAME = "$(TARGET_NAME)";
			};
			name = Release;
		};
		B9E2152B1BC9AE7000A5F7D1 /* Debug */ = {
			isa = XCBuildConfiguration;
			buildSettings = {
				BUNDLE_LOADER = "$(TEST_HOST)";
				FRAMEWORK_SEARCH_PATHS = (
					"$(SDKROOT)/Developer/Library/Frameworks",
					"$(inherited)",
				);
				GCC_PREPROCESSOR_DEFINITIONS = (
					"DEBUG=1",
					"$(inherited)",
				);
				INFOPLIST_FILE = "Estetica RegenereTests/Info.plist";
				LD_RUNPATH_SEARCH_PATHS = "$(inherited) @executable_path/Frameworks @loader_path/Frameworks";
				PRODUCT_NAME = "$(TARGET_NAME)";
				TEST_HOST = "$(BUILT_PRODUCTS_DIR)/Estetica Regenere.app/Estetica Regenere";
			};
			name = Debug;
		};
		B9E2152C1BC9AE7000A5F7D1 /* Release */ = {
			isa = XCBuildConfiguration;
			buildSettings = {
				BUNDLE_LOADER = "$(TEST_HOST)";
				FRAMEWORK_SEARCH_PATHS = (
					"$(SDKROOT)/Developer/Library/Frameworks",
					"$(inherited)",
				);
				INFOPLIST_FILE = "Estetica RegenereTests/Info.plist";
				LD_RUNPATH_SEARCH_PATHS = "$(inherited) @executable_path/Frameworks @loader_path/Frameworks";
				PRODUCT_NAME = "$(TARGET_NAME)";
				TEST_HOST = "$(BUILT_PRODUCTS_DIR)/Estetica Regenere.app/Estetica Regenere";
			};
			name = Release;
		};
/* End XCBuildConfiguration section */

/* Begin XCConfigurationList section */
		B9E214FF1BC9AE6F00A5F7D1 /* Build configuration list for PBXProject "Estetica Regenere" */ = {
			isa = XCConfigurationList;
			buildConfigurations = (
				B9E215251BC9AE7000A5F7D1 /* Debug */,
				B9E215261BC9AE7000A5F7D1 /* Release */,
			);
			defaultConfigurationIsVisible = 0;
			defaultConfigurationName = Release;
		};
		B9E215271BC9AE7000A5F7D1 /* Build configuration list for PBXNativeTarget "Estetica Regenere" */ = {
			isa = XCConfigurationList;
			buildConfigurations = (
				B9E215281BC9AE7000A5F7D1 /* Debug */,
				B9E215291BC9AE7000A5F7D1 /* Release */,
			);
			defaultConfigurationIsVisible = 0;
			defaultConfigurationName = Release;
		};
		B9E2152A1BC9AE7000A5F7D1 /* Build configuration list for PBXNativeTarget "Estetica RegenereTests" */ = {
			isa = XCConfigurationList;
			buildConfigurations = (
				B9E2152B1BC9AE7000A5F7D1 /* Debug */,
				B9E2152C1BC9AE7000A5F7D1 /* Release */,
			);
			defaultConfigurationIsVisible = 0;
			defaultConfigurationName = Release;
		};
/* End XCConfigurationList section */
	};
	rootObject = B9E214FC1BC9AE6F00A5F7D1 /* Project object */;
}
